#MicroXplorer Configuration settings - do not modify
ADC1.Channel-1\#ChannelRegularConversion=ADC_CHANNEL_1
ADC1.ContinuousConvMode=ENABLE
ADC1.DMAContinuousRequests=DISABLE
ADC1.IPParameters=Rank-1\#ChannelRegularConversion,master,Channel-1\#ChannelRegularConversion,SamplingTime-1\#ChannelRegularConversion,NbrOfConversionFlag,Resolution,ScanConvMode,ContinuousConvMode,DMAContinuousRequests,NbrOfConversion
ADC1.NbrOfConversion=1
ADC1.NbrOfConversionFlag=1
ADC1.Rank-1\#ChannelRegularConversion=1
ADC1.Resolution=ADC_RESOLUTION_10B
ADC1.SamplingTime-1\#ChannelRegularConversion=ADC_SAMPLETIME_84CYCLES
ADC1.ScanConvMode=DISABLE
ADC1.master=1
File.Version=6
GPIO.groupedBy=Group By Peripherals
KeepUserPlacement=false
Mcu.Family=STM32F4
Mcu.IP0=ADC1
Mcu.IP1=NVIC
Mcu.IP2=RCC
Mcu.IP3=SYS
Mcu.IPNb=4
Mcu.Name=STM32F401V(D-E)Hx
Mcu.Package=UFBGA100
Mcu.Pin0=PE3
Mcu.Pin1=PE1
Mcu.Pin10=PE10
Mcu.Pin11=PE12
Mcu.Pin12=PA1
Mcu.Pin13=PE7
Mcu.Pin14=PE9
Mcu.Pin15=PE11
Mcu.Pin16=PE13
Mcu.Pin17=PE14
Mcu.Pin18=PE15
Mcu.Pin19=VP_SYS_VS_Systick
Mcu.Pin2=PE4
Mcu.Pin3=PE2
Mcu.Pin4=PE5
Mcu.Pin5=PE0
Mcu.Pin6=PE6
Mcu.Pin7=PH0 - OSC_IN
Mcu.Pin8=PH1 - OSC_OUT
Mcu.Pin9=PE8
Mcu.PinsNb=20
Mcu.ThirdPartyNb=0
Mcu.UserConstants=
Mcu.UserName=STM32F401VDHx
MxCube.Version=6.2.0
MxDb.Version=DB.6.0.20
NVIC.ADC_IRQn=true\:0\:0\:false\:false\:true\:true\:true
NVIC.BusFault_IRQn=true\:0\:0\:false\:false\:true\:false\:false
NVIC.DebugMonitor_IRQn=true\:0\:0\:false\:false\:true\:false\:false
NVIC.ForceEnableDMAVector=true
NVIC.HardFault_IRQn=true\:0\:0\:false\:false\:true\:false\:false
NVIC.MemoryManagement_IRQn=true\:0\:0\:false\:false\:true\:false\:false
NVIC.NonMaskableInt_IRQn=true\:0\:0\:false\:false\:true\:false\:false
NVIC.PendSV_IRQn=true\:0\:0\:false\:false\:true\:false\:false
NVIC.PriorityGroup=NVIC_PRIORITYGROUP_4
NVIC.SVCall_IRQn=true\:0\:0\:false\:false\:true\:false\:false
NVIC.SysTick_IRQn=true\:0\:0\:false\:false\:true\:false\:true
NVIC.UsageFault_IRQn=true\:0\:0\:false\:false\:true\:false\:false
PA1.Signal=ADCx_IN1
PE0.GPIOParameters=GPIO_Speed,PinState,GPIO_PuPd,GPIO_ModeDefaultOutputPP
PE0.GPIO_ModeDefaultOutputPP=GPIO_MODE_OUTPUT_PP
PE0.GPIO_PuPd=GPIO_NOPULL
PE0.GPIO_Speed=GPIO_SPEED_FREQ_HIGH
PE0.Locked=true
PE0.PinState=GPIO_PIN_RESET
PE0.Signal=GPIO_Output
PE1.GPIOParameters=GPIO_Speed,PinState,GPIO_PuPd,GPIO_ModeDefaultOutputPP
PE1.GPIO_ModeDefaultOutputPP=GPIO_MODE_OUTPUT_PP
PE1.GPIO_PuPd=GPIO_NOPULL
PE1.GPIO_Speed=GPIO_SPEED_FREQ_HIGH
PE1.Locked=true
PE1.PinState=GPIO_PIN_RESET
PE1.Signal=GPIO_Output
PE10.GPIOParameters=GPIO_Speed,PinState,GPIO_PuPd,GPIO_ModeDefaultOutputPP
PE10.GPIO_ModeDefaultOutputPP=GPIO_MODE_OUTPUT_PP
PE10.GPIO_PuPd=GPIO_NOPULL
PE10.GPIO_Speed=GPIO_SPEED_FREQ_HIGH
PE10.Locked=true
PE10.PinState=GPIO_PIN_RESET
PE10.Signal=GPIO_Output
PE11.GPIOParameters=GPIO_Speed,PinState,GPIO_PuPd,GPIO_ModeDefaultOutputPP
PE11.GPIO_ModeDefaultOutputPP=GPIO_MODE_OUTPUT_PP
PE11.GPIO_PuPd=GPIO_NOPULL
PE11.GPIO_Speed=GPIO_SPEED_FREQ_HIGH
PE11.Locked=true
PE11.PinState=GPIO_PIN_RESET
PE11.Signal=GPIO_Output
PE12.GPIOParameters=GPIO_Speed,PinState,GPIO_PuPd,GPIO_ModeDefaultOutputPP
PE12.GPIO_ModeDefaultOutputPP=GPIO_MODE_OUTPUT_PP
PE12.GPIO_PuPd=GPIO_NOPULL
PE12.GPIO_Speed=GPIO_SPEED_FREQ_HIGH
PE12.Locked=true
PE12.PinState=GPIO_PIN_RESET
PE12.Signal=GPIO_Output
PE13.GPIOParameters=GPIO_Speed,PinState,GPIO_PuPd,GPIO_ModeDefaultOutputPP
PE13.GPIO_ModeDefaultOutputPP=GPIO_MODE_OUTPUT_PP
PE13.GPIO_PuPd=GPIO_NOPULL
PE13.GPIO_Speed=GPIO_SPEED_FREQ_HIGH
PE13.Locked=true
PE13.PinState=GPIO_PIN_RESET
PE13.Signal=GPIO_Output
PE14.GPIOParameters=GPIO_Speed,PinState,GPIO_PuPd,GPIO_ModeDefaultOutputPP
PE14.GPIO_ModeDefaultOutputPP=GPIO_MODE_OUTPUT_PP
PE14.GPIO_PuPd=GPIO_NOPULL
PE14.GPIO_Speed=GPIO_SPEED_FREQ_HIGH
PE14.Locked=true
PE14.PinState=GPIO_PIN_RESET
PE14.Signal=GPIO_Output
PE15.Locked=true
PE15.Signal=GPIO_Output
PE2.GPIOParameters=GPIO_Speed,PinState,GPIO_PuPd,GPIO_ModeDefaultOutputPP
PE2.GPIO_ModeDefaultOutputPP=GPIO_MODE_OUTPUT_PP
PE2.GPIO_PuPd=GPIO_NOPULL
PE2.GPIO_Speed=GPIO_SPEED_FREQ_HIGH
PE2.Locked=true
PE2.PinState=GPIO_PIN_RESET
PE2.Signal=GPIO_Output
PE3.GPIOParameters=GPIO_Speed,PinState,GPIO_PuPd,GPIO_ModeDefaultOutputPP
PE3.GPIO_ModeDefaultOutputPP=GPIO_MODE_OUTPUT_PP
PE3.GPIO_PuPd=GPIO_NOPULL
PE3.GPIO_Speed=GPIO_SPEED_FREQ_HIGH
PE3.Locked=true
PE3.PinState=GPIO_PIN_RESET
PE3.Signal=GPIO_Output
PE4.GPIOParameters=GPIO_Speed,PinState,GPIO_PuPd,GPIO_ModeDefaultOutputPP
PE4.GPIO_ModeDefaultOutputPP=GPIO_MODE_OUTPUT_PP
PE4.GPIO_PuPd=GPIO_NOPULL
PE4.GPIO_Speed=GPIO_SPEED_FREQ_HIGH
PE4.Locked=true
PE4.PinState=GPIO_PIN_RESET
PE4.Signal=GPIO_Output
PE5.GPIOParameters=GPIO_Speed,PinState,GPIO_PuPd,GPIO_ModeDefaultOutputPP
PE5.GPIO_ModeDefaultOutputPP=GPIO_MODE_OUTPUT_PP
PE5.GPIO_PuPd=GPIO_NOPULL
PE5.GPIO_Speed=GPIO_SPEED_FREQ_HIGH
PE5.Locked=true
PE5.PinState=GPIO_PIN_RESET
PE5.Signal=GPIO_Output
PE6.GPIOParameters=GPIO_Speed,PinState,GPIO_PuPd,GPIO_ModeDefaultOutputPP
PE6.GPIO_ModeDefaultOutputPP=GPIO_MODE_OUTPUT_PP
PE6.GPIO_PuPd=GPIO_NOPULL
PE6.GPIO_Speed=GPIO_SPEED_FREQ_HIGH
PE6.Locked=true
PE6.PinState=GPIO_PIN_RESET
PE6.Signal=GPIO_Output
PE7.GPIOParameters=GPIO_Speed,PinState,GPIO_PuPd,GPIO_ModeDefaultOutputPP
PE7.GPIO_ModeDefaultOutputPP=GPIO_MODE_OUTPUT_PP
PE7.GPIO_PuPd=GPIO_NOPULL
PE7.GPIO_Speed=GPIO_SPEED_FREQ_HIGH
PE7.Locked=true
PE7.PinState=GPIO_PIN_RESET
PE7.Signal=GPIO_Output
PE8.GPIOParameters=GPIO_Speed,PinState,GPIO_PuPd,GPIO_ModeDefaultOutputPP
PE8.GPIO_ModeDefaultOutputPP=GPIO_MODE_OUTPUT_PP
PE8.GPIO_PuPd=GPIO_NOPULL
PE8.GPIO_Speed=GPIO_SPEED_FREQ_HIGH
PE8.Locked=true
PE8.PinState=GPIO_PIN_RESET
PE8.Signal=GPIO_Output
PE9.GPIOParameters=GPIO_Speed,PinState,GPIO_PuPd,GPIO_ModeDefaultOutputPP
PE9.GPIO_ModeDefaultOutputPP=GPIO_MODE_OUTPUT_PP
PE9.GPIO_PuPd=GPIO_NOPULL
PE9.GPIO_Speed=GPIO_SPEED_FREQ_HIGH
PE9.Locked=true
PE9.PinState=GPIO_PIN_RESET
PE9.Signal=GPIO_Output
PH0\ -\ OSC_IN.Mode=HSE-External-Oscillator
PH0\ -\ OSC_IN.Signal=RCC_OSC_IN
PH1\ -\ OSC_OUT.Mode=HSE-External-Oscillator
PH1\ -\ OSC_OUT.Signal=RCC_OSC_OUT
PinOutPanel.CurrentBGAView=Top
PinOutPanel.RotationAngle=0
ProjectManager.AskForMigrate=true
ProjectManager.BackupPrevious=false
ProjectManager.CompilerOptimize=6
ProjectManager.ComputerToolchain=false
ProjectManager.CoupleFile=false
ProjectManager.CustomerFirmwarePackage=
ProjectManager.DefaultFWLocation=true
ProjectManager.DeletePrevious=true
ProjectManager.DeviceId=STM32F401VDHx
ProjectManager.FirmwarePackage=STM32Cube FW_F4 V1.26.2
ProjectManager.FreePins=false
ProjectManager.HalAssertFull=false
ProjectManager.HeapSize=0x200
ProjectManager.KeepUserCode=true
ProjectManager.LastFirmware=true
ProjectManager.LibraryCopy=2
ProjectManager.MainLocation=Core/Src
ProjectManager.NoMain=false
ProjectManager.PreviousToolchain=
ProjectManager.ProjectBuild=false
ProjectManager.ProjectFileName=ADCandDMA.ioc
ProjectManager.ProjectName=ADCandDMA
ProjectManager.RegisterCallBack=
ProjectManager.StackSize=0x400
ProjectManager.TargetToolchain=MDK-ARM V5.27
ProjectManager.ToolChainLocation=
ProjectManager.UnderRoot=false
ProjectManager.functionlistsort=1-MX_GPIO_Init-GPIO-false-HAL-true,2-SystemClock_Config-RCC-false-HAL-false,3-MX_ADC1_Init-ADC1-false-HAL-true
RCC.48MHZClocksFreq_Value=48000000
RCC.AHBCLKDivider=RCC_SYSCLK_DIV4
RCC.AHBFreq_Value=2000000
RCC.APB1Freq_Value=2000000
RCC.APB1TimFreq_Value=2000000
RCC.APB2Freq_Value=2000000
RCC.APB2TimFreq_Value=2000000
RCC.CortexFreq_Value=2000000
RCC.FCLKCortexFreq_Value=2000000
RCC.HCLKFreq_Value=2000000
RCC.HSE_VALUE=8000000
RCC.HSI_VALUE=16000000
RCC.I2SClocksFreq_Value=96000000
RCC.IPParameters=48MHZClocksFreq_Value,AHBCLKDivider,AHBFreq_Value,APB1Freq_Value,APB1TimFreq_Value,APB2Freq_Value,APB2TimFreq_Value,CortexFreq_Value,FCLKCortexFreq_Value,HCLKFreq_Value,HSE_VALUE,HSI_VALUE,I2SClocksFreq_Value,LSE_VALUE,LSI_VALUE,MCO2PinFreq_Value,PLLCLKFreq_Value,PLLM,PLLQCLKFreq_Value,PLLSourceVirtual,RTCFreq_Value,RTCHSEDivFreq_Value,SYSCLKFreq_VALUE,SYSCLKSource,VCOI2SOutputFreq_Value,VCOInputFreq_Value,VCOOutputFreq_Value,VcooutputI2S
RCC.LSE_VALUE=32768
RCC.LSI_VALUE=32000
RCC.MCO2PinFreq_Value=8000000
RCC.PLLCLKFreq_Value=96000000
RCC.PLLM=8
RCC.PLLQCLKFreq_Value=48000000
RCC.PLLSourceVirtual=RCC_PLLSOURCE_HSE
RCC.RTCFreq_Value=32000
RCC.RTCHSEDivFreq_Value=4000000
RCC.SYSCLKFreq_VALUE=8000000
RCC.SYSCLKSource=RCC_SYSCLKSOURCE_HSE
RCC.VCOI2SOutputFreq_Value=192000000
RCC.VCOInputFreq_Value=1000000
RCC.VCOOutputFreq_Value=192000000
RCC.VcooutputI2S=96000000
SH.ADCx_IN1.0=ADC1_IN1,IN1
SH.ADCx_IN1.ConfNb=1
VP_SYS_VS_Systick.Mode=SysTick
VP_SYS_VS_Systick.Signal=SYS_VS_Systick
board=custom
